
Microsoft Visual Studio Solution File, Format Version 12.00
# Visual Studio 15
Project("{FAE04EC0-301F-11D3-BF4B-00C04F79EFBC}") = "Assembly-CSharp", "Assembly-CSharp.csproj", "{508795EF-C5B8-E5D6-6F8E-F889E23F3F31}"
EndProject
Project("{FAE04EC0-301F-11D3-BF4B-00C04F79EFBC}") = "Assembly-CSharp-Editor", "Assembly-CSharp-Editor.csproj", "{8086E0FB-0758-EB6C-2CF4-CF30747036E5}"
EndProject
Global
	GlobalSection(SolutionConfigurationPlatforms) = preSolution
		Debug|Any CPU = Debug|Any CPU
		Release|Any CPU = Release|Any CPU
	EndGlobalSection
	GlobalSection(ProjectConfigurationPlatforms) = postSolution
		{508795EF-C5B8-E5D6-6F8E-F889E23F3F31}.Debug|Any CPU.ActiveCfg = Debug|Any CPU
		{508795EF-C5B8-E5D6-6F8E-F889E23F3F31}.Debug|Any CPU.Build.0 = Debug|Any CPU
		{508795EF-C5B8-E5D6-6F8E-F889E23F3F31}.Release|Any CPU.ActiveCfg = Release|Any CPU
		{508795EF-C5B8-E5D6-6F8E-F889E23F3F31}.Release|Any CPU.Build.0 = Release|Any CPU
		{8086E0FB-0758-EB6C-2CF4-CF30747036E5}.Debug|Any CPU.ActiveCfg = Debug|Any CPU
		{8086E0FB-0758-EB6C-2CF4-CF30747036E5}.Debug|Any CPU.Build.0 = Debug|Any CPU
		{8086E0FB-0758-EB6C-2CF4-CF30747036E5}.Release|Any CPU.ActiveCfg = Release|Any CPU
		{8086E0FB-0758-EB6C-2CF4-CF30747036E5}.Release|Any CPU.Build.0 = Release|Any CPU
	EndGlobalSection
	GlobalSection(SolutionProperties) = preSolution
		HideSolutionNode = FALSE
	EndGlobalSection
EndGlobal
